PODS:
  - 1PasswordExtension (1.8.4)
  - Alamofire (4.5.0)
  - AlamofireImage (3.2.0):
    - Alamofire (~> 4.1)
  - Crashlytics (3.8.5):
    - Fabric (~> 1.6.3)
  - Downpour (0.2.0)
  - Fabric (1.6.12)
  - KeychainAccess (3.0.2)
  - MZAppearance (1.1.6)
  - MZFormSheetPresentationController (2.2.2):
    - MZAppearance
  - ReachabilitySwift (3)
  - Realm (2.10.0):
    - Realm/Headers (= 2.10.0)
  - Realm/Headers (2.10.0)
  - RealmSwift (2.10.0):
    - Realm (= 2.10.0)
  - SwiftyJSON (3.1.4)
  - TUSafariActivity (1.0.4)

DEPENDENCIES:
  - 1PasswordExtension
  - Alamofire (~> 4.5)
  - AlamofireImage (~> 3.2)
  - Crashlytics
  - Downpour (~> 0.2)
  - Fabric
  - KeychainAccess (~> 3.0)
  - MZFormSheetPresentationController (~> 2.2.0)
  - ReachabilitySwift (~> 3.0)
  - RealmSwift
  - SwiftyJSON (~> 3.1)
  - TUSafariActivity

SPEC CHECKSUMS:
  1PasswordExtension: e775a29310c65851e5a6cec1afc349ab4e334e47
  Alamofire: f28cdffd29de33a7bfa022cbd63ae95a27fae140
  AlamofireImage: 157ed682cc81d3b9db4fb90c1f12180ac552d93b
  Crashlytics: dfbae35ef22ca189240d230ad501feea4ee85d2d
  Downpour: e35bf7a969c3bd81910155bb599819f949215cd7
  Fabric: f050464eac45a2ce5a8e6e6a07e977c0df32fe28
  KeychainAccess: a986406022dfc7c634c691ad3bec670cc6a32002
  MZAppearance: 0c06d3fa9cc55142f1da14bc8631fbe8fd6e19d5
  MZFormSheetPresentationController: 8772f845dd3c64a0d9fe545a997d72201db3fe39
  ReachabilitySwift: f5b9bb30a0777fac8f09ce8b067e32faeb29bb64
  Realm: 98b3a25643cf6b3e07d2b99fb43fe0eb9c801dec
  RealmSwift: 34073ad3a31232bbaf7c0db898c037940284cba2
  SwiftyJSON: c2842d878f95482ffceec5709abc3d05680c0220
  TUSafariActivity: afc55a00965377939107ce4fdc7f951f62454546

PODFILE CHECKSUM: fe8888b5e2f811b8b84efa3d48602cc32527efa5

COCOAPODS: 1.3.1
